# deps.lock
# Format: name | upstream | commit/tag | local path | license file

monocypher | https://github.com/BigRangaTech/Monocypher | v002 | third_party/monocypher | third_party/monocypher/LICENCE.md
poppler | https://github.com/BigRangaTech/my-poppler | v001 | poppler | poppler/README.md
monocypher-snapshot | https://github.com/LoupVaillant/Monocypher | 4.0.2 | monocypher-4.0.2 | monocypher-4.0.2/README.md
miniz | https://github.com/richgel999/miniz | unknown | third_party/miniz | third_party/miniz/LICENSE.txt
libarchive | https://github.com/BigRangaTech/libarchive | v001 | third_party/libarchive | third_party/libarchive/COPYING
libmobi | https://github.com/BigRangaTech/libmobi | b01.1 | third_party/libmobi | third_party/libmobi/COPYING
zlib | https://github.com/madler/zlib | v1.3.1 | third_party/zlib | third_party/zlib/LICENSE
libxml2 | https://github.com/BigRangaTech/libxml2 | v001 | third_party/libxml2 | third_party/libxml2/Copyright
